
Microsoft Visual Studio Solution File, Format Version 12.00
# Visual Studio Version 17
VisualStudioVersion = 17.0.31903.59
MinimumVisualStudioVersion = 10.0.40219.1
Project("{FAE04EC0-301F-11D3-BF4B-00C04F79EFBC}") = "Listen2Me.MVVM", "Listen2Me.MVVM\Listen2Me.MVVM.csproj", "{27A22567-BBC0-4AC0-9B79-95C6284DCE9B}"
EndProject
Project("{FAE04EC0-301F-11D3-BF4B-00C04F79EFBC}") = "Listen2Me.WPF", "Listen2Me.WPF\Listen2Me.WPF.csproj", "{12930001-FA8F-42DF-A470-92BAF837C721}"
EndProject
Project("{FAE04EC0-301F-11D3-BF4B-00C04F79EFBC}") = "Listen2Me.Tests", "Listen2Me.Tests\Listen2Me.Tests.csproj", "{13BAA8FD-E12F-4786-8A26-7B22F7ED989D}"
EndProject
Global
	GlobalSection(SolutionConfigurationPlatforms) = preSolution
		Debug|Any CPU = Debug|Any CPU
		Debug|x64 = Debug|x64
		Debug|x86 = Debug|x86
		Release|Any CPU = Release|Any CPU
		Release|x64 = Release|x64
		Release|x86 = Release|x86
	EndGlobalSection
	GlobalSection(ProjectConfigurationPlatforms) = postSolution
		{27A22567-BBC0-4AC0-9B79-95C6284DCE9B}.Debug|Any CPU.ActiveCfg = Debug|Any CPU
		{27A22567-BBC0-4AC0-9B79-95C6284DCE9B}.Debug|Any CPU.Build.0 = Debug|Any CPU
		{27A22567-BBC0-4AC0-9B79-95C6284DCE9B}.Debug|x64.ActiveCfg = Debug|Any CPU
		{27A22567-BBC0-4AC0-9B79-95C6284DCE9B}.Debug|x64.Build.0 = Debug|Any CPU
		{27A22567-BBC0-4AC0-9B79-95C6284DCE9B}.Debug|x86.ActiveCfg = Debug|Any CPU
		{27A22567-BBC0-4AC0-9B79-95C6284DCE9B}.Debug|x86.Build.0 = Debug|Any CPU
		{27A22567-BBC0-4AC0-9B79-95C6284DCE9B}.Release|Any CPU.ActiveCfg = Release|Any CPU
		{27A22567-BBC0-4AC0-9B79-95C6284DCE9B}.Release|Any CPU.Build.0 = Release|Any CPU
		{27A22567-BBC0-4AC0-9B79-95C6284DCE9B}.Release|x64.ActiveCfg = Release|Any CPU
		{27A22567-BBC0-4AC0-9B79-95C6284DCE9B}.Release|x64.Build.0 = Release|Any CPU
		{27A22567-BBC0-4AC0-9B79-95C6284DCE9B}.Release|x86.ActiveCfg = Release|Any CPU
		{27A22567-BBC0-4AC0-9B79-95C6284DCE9B}.Release|x86.Build.0 = Release|Any CPU
		{12930001-FA8F-42DF-A470-92BAF837C721}.Debug|Any CPU.ActiveCfg = Debug|Any CPU
		{12930001-FA8F-42DF-A470-92BAF837C721}.Debug|Any CPU.Build.0 = Debug|Any CPU
		{12930001-FA8F-42DF-A470-92BAF837C721}.Debug|x64.ActiveCfg = Debug|Any CPU
		{12930001-FA8F-42DF-A470-92BAF837C721}.Debug|x64.Build.0 = Debug|Any CPU
		{12930001-FA8F-42DF-A470-92BAF837C721}.Debug|x86.ActiveCfg = Debug|Any CPU
		{12930001-FA8F-42DF-A470-92BAF837C721}.Debug|x86.Build.0 = Debug|Any CPU
		{12930001-FA8F-42DF-A470-92BAF837C721}.Release|Any CPU.ActiveCfg = Release|Any CPU
		{12930001-FA8F-42DF-A470-92BAF837C721}.Release|Any CPU.Build.0 = Release|Any CPU
		{12930001-FA8F-42DF-A470-92BAF837C721}.Release|x64.ActiveCfg = Release|Any CPU
		{12930001-FA8F-42DF-A470-92BAF837C721}.Release|x64.Build.0 = Release|Any CPU
		{12930001-FA8F-42DF-A470-92BAF837C721}.Release|x86.ActiveCfg = Release|Any CPU
		{12930001-FA8F-42DF-A470-92BAF837C721}.Release|x86.Build.0 = Release|Any CPU
		{13BAA8FD-E12F-4786-8A26-7B22F7ED989D}.Debug|Any CPU.ActiveCfg = Debug|Any CPU
		{13BAA8FD-E12F-4786-8A26-7B22F7ED989D}.Debug|Any CPU.Build.0 = Debug|Any CPU
		{13BAA8FD-E12F-4786-8A26-7B22F7ED989D}.Debug|x64.ActiveCfg = Debug|Any CPU
		{13BAA8FD-E12F-4786-8A26-7B22F7ED989D}.Debug|x64.Build.0 = Debug|Any CPU
		{13BAA8FD-E12F-4786-8A26-7B22F7ED989D}.Debug|x86.ActiveCfg = Debug|Any CPU
		{13BAA8FD-E12F-4786-8A26-7B22F7ED989D}.Debug|x86.Build.0 = Debug|Any CPU
		{13BAA8FD-E12F-4786-8A26-7B22F7ED989D}.Release|Any CPU.ActiveCfg = Release|Any CPU
		{13BAA8FD-E12F-4786-8A26-7B22F7ED989D}.Release|Any CPU.Build.0 = Release|Any CPU
		{13BAA8FD-E12F-4786-8A26-7B22F7ED989D}.Release|x64.ActiveCfg = Release|Any CPU
		{13BAA8FD-E12F-4786-8A26-7B22F7ED989D}.Release|x64.Build.0 = Release|Any CPU
		{13BAA8FD-E12F-4786-8A26-7B22F7ED989D}.Release|x86.ActiveCfg = Release|Any CPU
		{13BAA8FD-E12F-4786-8A26-7B22F7ED989D}.Release|x86.Build.0 = Release|Any CPU
	EndGlobalSection
	GlobalSection(SolutionProperties) = preSolution
		HideSolutionNode = FALSE
	EndGlobalSection
EndGlobal

